
Microsoft Visual Studio Solution File, Format Version 12.00
# Visual Studio Version 17
VisualStudioVersion = 17.3.32929.385
MinimumVisualStudioVersion = 10.0.40219.1
Project("{FAE04EC0-301F-11D3-BF4B-00C04F79EFBC}") = "期中專題ver1", "期中專題ver1\期中專題ver1.csproj", "{024678EC-6E32-47D9-BB5C-8164E46547C7}"
EndProject
Global
	GlobalSection(SolutionConfigurationPlatforms) = preSolution
		Debug|Any CPU = Debug|Any CPU
		Release|Any CPU = Release|Any CPU
	EndGlobalSection
	GlobalSection(ProjectConfigurationPlatforms) = postSolution
		{024678EC-6E32-47D9-BB5C-8164E46547C7}.Debug|Any CPU.ActiveCfg = Debug|Any CPU
		{024678EC-6E32-47D9-BB5C-8164E46547C7}.Debug|Any CPU.Build.0 = Debug|Any CPU
		{024678EC-6E32-47D9-BB5C-8164E46547C7}.Release|Any CPU.ActiveCfg = Release|Any CPU
		{024678EC-6E32-47D9-BB5C-8164E46547C7}.Release|Any CPU.Build.0 = Release|Any CPU
	EndGlobalSection
	GlobalSection(SolutionProperties) = preSolution
		HideSolutionNode = FALSE
	EndGlobalSection
	GlobalSection(ExtensibilityGlobals) = postSolution
		SolutionGuid = {2E8E8B2F-FDCF-43D6-80C7-481219BC7F2C}
	EndGlobalSection
EndGlobal
